// !$*UTF8*$!
{
	archiveVersion = 1;
	classes = {
	};
	objectVersion = 77;
	objects = {

/* Begin PBXBuildFile section */
		3D7CB8792F5F074000C27D04 /* Auth in Frameworks */ = {isa = PBXBuildFile; productRef = 3D7CB8782F5F074000C27D04 /* Auth */; };
		3D7CB87B2F5F074000C27D04 /* Functions in Frameworks */ = {isa = PBXBuildFile; productRef = 3D7CB87A2F5F074000C27D04 /* Functions */; };
		3D7CB87D2F5F074000C27D04 /* PostgREST in Frameworks */ = {isa = PBXBuildFile; productRef = 3D7CB87C2F5F074000C27D04 /* PostgREST */; };
		3D7CB87F2F5F074000C27D04 /* Realtime in Frameworks */ = {isa = PBXBuildFile; productRef = 3D7CB87E2F5F074000C27D04 /* Realtime */; };
		3D7CB8812F5F074000C27D04 /* Storage in Frameworks */ = {isa = PBXBuildFile; productRef = 3D7CB8802F5F074000C27D04 /* Storage */; };
		3D7CB8832F5F074000C27D04 /* Supabase in Frameworks */ = {isa = PBXBuildFile; productRef = 3D7CB8822F5F074000C27D04 /* Supabase */; };
		3D83A96E2F5A37750097B8BA /* GoogleSignIn in Frameworks */ = {isa = PBXBuildFile; productRef = 3D83A96D2F5A37750097B8BA /* GoogleSignIn */; };
		3D83A9702F5A37750097B8BA /* GoogleSignInSwift in Frameworks */ = {isa = PBXBuildFile; productRef = 3D83A96F2F5A37750097B8BA /* GoogleSignInSwift */; };
/* End PBXBuildFile section */

/* Begin PBXFileReference section */
		3D153B892F56A0E70042D9D9 /* Formé.app */ = {isa = PBXFileReference; explicitFileType = wrapper.application; includeInIndex = 0; path = "Formé.app"; sourceTree = BUILT_PRODUCTS_DIR; };
/* End PBXFileReference section */

/* Begin PBXFileSystemSynchronizedRootGroup section */
		3D153B8B2F56A0E70042D9D9 /* Formé */ = {
			isa = PBXFileSystemSynchronizedRootGroup;
			path = "Formé";
			sourceTree = "<group>";
		};
/* End PBXFileSystemSynchronizedRootGroup section */

/* Begin PBXFrameworksBuildPhase section */
		3D153B862F56A0E70042D9D9 /* Frameworks */ = {
			isa = PBXFrameworksBuildPhase;
			buildActionMask = 2147483647;
			files = (
				3D83A96E2F5A37750097B8BA /* GoogleSignIn in Frameworks */,
				3D83A9702F5A37750097B8BA /* GoogleSignInSwift in Frameworks */,
				3D7CB8812F5F074000C27D04 /* Storage in Frameworks */,
				3D7CB87B2F5F074000C27D04 /* Functions in Frameworks */,
				3D7CB8832F5F074000C27D04 /* Supabase in Frameworks */,
				3D7CB87F2F5F074000C27D04 /* Realtime in Frameworks */,
				3D7CB8792F5F074000C27D04 /* Auth in Frameworks */,
				3D7CB87D2F5F074000C27D04 /* PostgREST in Frameworks */,
			);
			runOnlyForDeploymentPostprocessing = 0;
		};
/* End PBXFrameworksBuildPhase section */

/* Begin PBXGroup section */
		3D153B802F56A0E70042D9D9 = {
			isa = PBXGroup;
			children = (
				3D153B8B2F56A0E70042D9D9 /* Formé */,
				3D7CB8772F5F074000C27D04 /* Frameworks */,
				3D153B8A2F56A0E70042D9D9 /* Products */,
			);
			sourceTree = "<group>";
		};
		3D153B8A2F56A0E70042D9D9 /* Products */ = {
			isa = PBXGroup;
			children = (
				3D153B892F56A0E70042D9D9 /* Formé.app */,
			);
			name = Products;
			sourceTree = "<group>";
		};
		3D7CB8772F5F074000C27D04 /* Frameworks */ = {
			isa = PBXGroup;
			children = (
			);
			name = Frameworks;
			sourceTree = "<group>";
		};
/* End PBXGroup section */

/* Begin PBXNativeTarget section */
		3D153B882F56A0E70042D9D9 /* Formé */ = {
			isa = PBXNativeTarget;
			buildConfigurationList = 3D153B942F56A0E80042D9D9 /* Build configuration list for PBXNativeTarget "Formé" */;
			buildPhases = (
				3D153B852F56A0E70042D9D9 /* Sources */,
				3D153B862F56A0E70042D9D9 /* Frameworks */,
				3D153B872F56A0E70042D9D9 /* Resources */,
			);
			buildRules = (
			);
			dependencies = (
			);
			fileSystemSynchronizedGroups = (
				3D153B8B2F56A0E70042D9D9 /* Formé */,
			);
			name = "Formé";
			packageProductDependencies = (
				3D83A96D2F5A37750097B8BA /* GoogleSignIn */,
				3D83A96F2F5A37750097B8BA /* GoogleSignInSwift */,
				3D7CB8782F5F074000C27D04 /* Auth */,
				3D7CB87A2F5F074000C27D04 /* Functions */,
				3D7CB87C2F5F074000C27D04 /* PostgREST */,
				3D7CB87E2F5F074000C27D04 /* Realtime */,
				3D7CB8802F5F074000C27D04 /* Storage */,
				3D7CB8822F5F074000C27D04 /* Supabase */,
			);
			productName = "Formé";
			productReference = 3D153B892F56A0E70042D9D9 /* Formé.app */;
			productType = "com.apple.product-type.application";
		};
/* End PBXNativeTarget section */

/* Begin PBXProject section */
		3D153B812F56A0E70042D9D9 /* Project object */ = {
			isa = PBXProject;
			attributes = {
				BuildIndependentTargetsInParallel = 1;
				LastSwiftUpdateCheck = 2630;
				LastUpgradeCheck = 2630;
				TargetAttributes = {
					3D153B882F56A0E70042D9D9 = {
						CreatedOnToolsVersion = 26.3;
					};
				};
			};
			buildConfigurationList = 3D153B842F56A0E70042D9D9 /* Build configuration list for PBXProject "Formé" */;
			developmentRegion = en;
			hasScannedForEncodings = 0;
			knownRegions = (
				en,
				Base,
			);
			mainGroup = 3D153B802F56A0E70042D9D9;
			minimizedProjectReferenceProxies = 1;
			packageReferences = (
				3D83A96B2F5A37520097B8BA /* XCRemoteSwiftPackageReference "supabase-swift" */,
				3D83A96C2F5A37750097B8BA /* XCRemoteSwiftPackageReference "GoogleSignIn-iOS" */,
			);
			preferredProjectObjectVersion = 77;
			productRefGroup = 3D153B8A2F56A0E70042D9D9 /* Products */;
			projectDirPath = "";
			projectRoot = "";
			targets = (
				3D153B882F56A0E70042D9D9 /* Formé */,
			);
		};
/* End PBXProject section */

/* Begin PBXResourcesBuildPhase section */
		3D153B872F56A0E70042D9D9 /* Resources */ = {
			isa = PBXResourcesBuildPhase;
			buildActionMask = 2147483647;
			files = (
			);
			runOnlyForDeploymentPostprocessing = 0;
		};
/* End PBXResourcesBuildPhase section */

/* Begin PBXSourcesBuildPhase section */
		3D153B852F56A0E70042D9D9 /* Sources */ = {
			isa = PBXSourcesBuildPhase;
			buildActionMask = 2147483647;
			files = (
			);
			runOnlyForDeploymentPostprocessing = 0;
		};
/* End PBXSourcesBuildPhase section */

/* Begin XCBuildConfiguration section */
		3D153B922F56A0E80042D9D9 /* Debug */ = {
			isa = XCBuildConfiguration;
			buildSettings = {
				ALWAYS_SEARCH_USER_PATHS = NO;
				ASSETCATALOG_COMPILER_GENERATE_SWIFT_ASSET_SYMBOL_EXTENSIONS = YES;
				CLANG_ANALYZER_NONNULL = YES;
				CLANG_ANALYZER_NUMBER_OBJECT_CONVERSION = YES_AGGRESSIVE;
				CLANG_CXX_LANGUAGE_STANDARD = "gnu++20";
				CLANG_ENABLE_MODULES = YES;
				CLANG_ENABLE_OBJC_ARC = YES;
				CLANG_ENABLE_OBJC_WEAK = YES;
				CLANG_WARN_BLOCK_CAPTURE_AUTORELEASING = YES;
				CLANG_WARN_BOOL_CONVERSION = YES;
				CLANG_WARN_COMMA = YES;
				CLANG_WARN_CONSTANT_CONVERSION = YES;
				CLANG_WARN_DEPRECATED_OBJC_IMPLEMENTATIONS = YES;
				CLANG_WARN_DIRECT_OBJC_ISA_USAGE = YES_ERROR;
				CLANG_WARN_DOCUMENTATION_COMMENTS = YES;
				CLANG_WARN_EMPTY_BODY = YES;
				CLANG_WARN_ENUM_CONVERSION = YES;
				CLANG_WARN_INFINITE_RECURSION = YES;
				CLANG_WARN_INT_CONVERSION = YES;
				CLANG_WARN_NON_LITERAL_NULL_CONVERSION = YES;
				CLANG_WARN_OBJC_IMPLICIT_RETAIN_SELF = YES;
				CLANG_WARN_OBJC_LITERAL_CONVERSION = YES;
				CLANG_WARN_OBJC_ROOT_CLASS = YES_ERROR;
				CLANG_WARN_QUOTED_INCLUDE_IN_FRAMEWORK_HEADER = YES;
				CLANG_WARN_RANGE_LOOP_ANALYSIS = YES;
				CLANG_WARN_STRICT_PROTOTYPES = YES;
				CLANG_WARN_SUSPICIOUS_MOVE = YES;
				CLANG_WARN_UNGUARDED_AVAILABILITY = YES_AGGRESSIVE;
				CLANG_WARN_UNREACHABLE_CODE = YES;
				CLANG_WARN__DUPLICATE_METHOD_MATCH = YES;
				COPY_PHASE_STRIP = NO;
				DEBUG_INFORMATION_FORMAT = dwarf;
				DEVELOPMENT_TEAM = 47BN73T2TQ;
				ENABLE_STRICT_OBJC_MSGSEND = YES;
				ENABLE_TESTABILITY = YES;
				ENABLE_USER_SCRIPT_SANDBOXING = YES;
				GCC_C_LANGUAGE_STANDARD = gnu17;
				GCC_DYNAMIC_NO_PIC = NO;
				GCC_NO_COMMON_BLOCKS = YES;
				GCC_OPTIMIZATION_LEVEL = 0;
				GCC_PREPROCESSOR_DEFINITIONS = (
					"DEBUG=1",
					"$(inherited)",
				);
				GCC_WARN_64_TO_32_BIT_CONVERSION = YES;
				GCC_WARN_ABOUT_RETURN_TYPE = YES_ERROR;
				GCC_WARN_UNDECLARED_SELECTOR = YES;
				GCC_WARN_UNINITIALIZED_AUTOS = YES_AGGRESSIVE;
				GCC_WARN_UNUSED_FUNCTION = YES;
				GCC_WARN_UNUSED_VARIABLE = YES;
				IPHONEOS_DEPLOYMENT_TARGET = 26.2;
				LOCALIZATION_PREFERS_STRING_CATALOGS = YES;
				MTL_ENABLE_DEBUG_INFO = INCLUDE_SOURCE;
				MTL_FAST_MATH = YES;
				ONLY_ACTIVE_ARCH = YES;
				SDKROOT = iphoneos;
				SWIFT_ACTIVE_COMPILATION_CONDITIONS = "DEBUG $(inherited)";
				SWIFT_OPTIMIZATION_LEVEL = "-Onone";
			};
			name = Debug;
		};
		3D153B932F56A0E80042D9D9 /* Release */ = {
			isa = XCBuildConfiguration;
			buildSettings = {
				ALWAYS_SEARCH_USER_PATHS = NO;
				ASSETCATALOG_COMPILER_GENERATE_SWIFT_ASSET_SYMBOL_EXTENSIONS = YES;
				CLANG_ANALYZER_NONNULL = YES;
				CLANG_ANALYZER_NUMBER_OBJECT_CONVERSION = YES_AGGRESSIVE;
				CLANG_CXX_LANGUAGE_STANDARD = "gnu++20";
				CLANG_ENABLE_MODULES = YES;
				CLANG_ENABLE_OBJC_ARC = YES;
				CLANG_ENABLE_OBJC_WEAK = YES;
				CLANG_WARN_BLOCK_CAPTURE_AUTORELEASING = YES;
				CLANG_WARN_BOOL_CONVERSION = YES;
				CLANG_WARN_COMMA = YES;
				CLANG_WARN_CONSTANT_CONVERSION = YES;
				CLANG_WARN_DEPRECATED_OBJC_IMPLEMENTATIONS = YES;
				CLANG_WARN_DIRECT_OBJC_ISA_USAGE = YES_ERROR;
				CLANG_WARN_DOCUMENTATION_COMMENTS = YES;
				CLANG_WARN_EMPTY_BODY = YES;
				CLANG_WARN_ENUM_CONVERSION = YES;
				CLANG_WARN_INFINITE_RECURSION = YES;
				CLANG_WARN_INT_CONVERSION = YES;
				CLANG_WARN_NON_LITERAL_NULL_CONVERSION = YES;
				CLANG_WARN_OBJC_IMPLICIT_RETAIN_SELF = YES;
				CLANG_WARN_OBJC_LITERAL_CONVERSION = YES;
				CLANG_WARN_OBJC_ROOT_CLASS = YES_ERROR;
				CLANG_WARN_QUOTED_INCLUDE_IN_FRAMEWORK_HEADER = YES;
				CLANG_WARN_RANGE_LOOP_ANALYSIS = YES;
				CLANG_WARN_STRICT_PROTOTYPES = YES;
				CLANG_WARN_SUSPICIOUS_MOVE = YES;
				CLANG_WARN_UNGUARDED_AVAILABILITY = YES_AGGRESSIVE;
				CLANG_WARN_UNREACHABLE_CODE = YES;
				CLANG_WARN__DUPLICATE_METHOD_MATCH = YES;
				COPY_PHASE_STRIP = NO;
				DEBUG_INFORMATION_FORMAT = "dwarf-with-dsym";
				DEVELOPMENT_TEAM = 47BN73T2TQ;
				ENABLE_NS_ASSERTIONS = NO;
				ENABLE_STRICT_OBJC_MSGSEND = YES;
				ENABLE_USER_SCRIPT_SANDBOXING = YES;
				GCC_C_LANGUAGE_STANDARD = gnu17;
				GCC_NO_COMMON_BLOCKS = YES;
				GCC_WARN_64_TO_32_BIT_CONVERSION = YES;
				GCC_WARN_ABOUT_RETURN_TYPE = YES_ERROR;
				GCC_WARN_UNDECLARED_SELECTOR = YES;
				GCC_WARN_UNINITIALIZED_AUTOS = YES_AGGRESSIVE;
				GCC_WARN_UNUSED_FUNCTION = YES;
				GCC_WARN_UNUSED_VARIABLE = YES;
				IPHONEOS_DEPLOYMENT_TARGET = 26.2;
				LOCALIZATION_PREFERS_STRING_CATALOGS = YES;
				MTL_ENABLE_DEBUG_INFO = NO;
				MTL_FAST_MATH = YES;
				SDKROOT = iphoneos;
				SWIFT_COMPILATION_MODE = wholemodule;
				VALIDATE_PRODUCT = YES;
			};
			name = Release;
		};
		3D153B952F56A0E80042D9D9 /* Debug */ = {
			isa = XCBuildConfiguration;
			buildSettings = {
				ASSETCATALOG_COMPILER_APPICON_NAME = AppIcon;
				ASSETCATALOG_COMPILER_GLOBAL_ACCENT_COLOR_NAME = AccentColor;
				CODE_SIGN_STYLE = Automatic;
				CURRENT_PROJECT_VERSION = 1;
				DEVELOPMENT_TEAM = 47BN73T2TQ;
				ENABLE_PREVIEWS = YES;
				GENERATE_INFOPLIST_FILE = YES;
				INFOPLIST_KEY_LSApplicationCategoryType = "public.app-category.healthcare-fitness";
				INFOPLIST_KEY_UIApplicationSceneManifest_Generation = YES;
				INFOPLIST_KEY_UIApplicationSupportsIndirectInputEvents = YES;
				INFOPLIST_KEY_UILaunchScreen_Generation = YES;
				INFOPLIST_KEY_UISupportedInterfaceOrientations_iPad = "UIInterfaceOrientationPortrait UIInterfaceOrientationPortraitUpsideDown UIInterfaceOrientationLandscapeLeft UIInterfaceOrientationLandscapeRight";
				INFOPLIST_KEY_UISupportedInterfaceOrientations_iPhone = "UIInterfaceOrientationPortrait UIInterfaceOrientationLandscapeLeft UIInterfaceOrientationLandscapeRight";
				LD_RUNPATH_SEARCH_PATHS = (
					"$(inherited)",
					"@executable_path/Frameworks",
				);
				MARKETING_VERSION = 1.0;
				PRODUCT_BUNDLE_IDENTIFIER = "CaptureLabs.Forme-";
				PRODUCT_NAME = "$(TARGET_NAME)";
				STRING_CATALOG_GENERATE_SYMBOLS = YES;
				SWIFT_APPROACHABLE_CONCURRENCY = YES;
				SWIFT_DEFAULT_ACTOR_ISOLATION = MainActor;
				SWIFT_EMIT_LOC_STRINGS = YES;
				SWIFT_UPCOMING_FEATURE_MEMBER_IMPORT_VISIBILITY = YES;
				SWIFT_VERSION = 5.0;
				TARGETED_DEVICE_FAMILY = "1,2";
			};
			name = Debug;
		};
		3D153B962F56A0E80042D9D9 /* Release */ = {
			isa = XCBuildConfiguration;
			buildSettings = {
				ASSETCATALOG_COMPILER_APPICON_NAME = AppIcon;
				ASSETCATALOG_COMPILER_GLOBAL_ACCENT_COLOR_NAME = AccentColor;
				CODE_SIGN_STYLE = Automatic;
				CURRENT_PROJECT_VERSION = 1;
				DEVELOPMENT_TEAM = 47BN73T2TQ;
				ENABLE_PREVIEWS = YES;
				GENERATE_INFOPLIST_FILE = YES;
				INFOPLIST_KEY_LSApplicationCategoryType = "public.app-category.healthcare-fitness";
				INFOPLIST_KEY_UIApplicationSceneManifest_Generation = YES;
				INFOPLIST_KEY_UIApplicationSupportsIndirectInputEvents = YES;
				INFOPLIST_KEY_UILaunchScreen_Generation = YES;
				INFOPLIST_KEY_UISupportedInterfaceOrientations_iPad = "UIInterfaceOrientationPortrait UIInterfaceOrientationPortraitUpsideDown UIInterfaceOrientationLandscapeLeft UIInterfaceOrientationLandscapeRight";
				INFOPLIST_KEY_UISupportedInterfaceOrientations_iPhone = "UIInterfaceOrientationPortrait UIInterfaceOrientationLandscapeLeft UIInterfaceOrientationLandscapeRight";
				LD_RUNPATH_SEARCH_PATHS = (
					"$(inherited)",
					"@executable_path/Frameworks",
				);
				MARKETING_VERSION = 1.0;
				PRODUCT_BUNDLE_IDENTIFIER = "CaptureLabs.Forme-";
				PRODUCT_NAME = "$(TARGET_NAME)";
				STRING_CATALOG_GENERATE_SYMBOLS = YES;
				SWIFT_APPROACHABLE_CONCURRENCY = YES;
				SWIFT_DEFAULT_ACTOR_ISOLATION = MainActor;
				SWIFT_EMIT_LOC_STRINGS = YES;
				SWIFT_UPCOMING_FEATURE_MEMBER_IMPORT_VISIBILITY = YES;
				SWIFT_VERSION = 5.0;
				TARGETED_DEVICE_FAMILY = "1,2";
			};
			name = Release;
		};
/* End XCBuildConfiguration section */

/* Begin XCConfigurationList section */
		3D153B842F56A0E70042D9D9 /* Build configuration list for PBXProject "Formé" */ = {
			isa = XCConfigurationList;
			buildConfigurations = (
				3D153B922F56A0E80042D9D9 /* Debug */,
				3D153B932F56A0E80042D9D9 /* Release */,
			);
			defaultConfigurationIsVisible = 0;
			defaultConfigurationName = Release;
		};
		3D153B942F56A0E80042D9D9 /* Build configuration list for PBXNativeTarget "Formé" */ = {
			isa = XCConfigurationList;
			buildConfigurations = (
				3D153B952F56A0E80042D9D9 /* Debug */,
				3D153B962F56A0E80042D9D9 /* Release */,
			);
			defaultConfigurationIsVisible = 0;
			defaultConfigurationName = Release;
		};
/* End XCConfigurationList section */

/* Begin XCRemoteSwiftPackageReference section */
		3D83A96B2F5A37520097B8BA /* XCRemoteSwiftPackageReference "supabase-swift" */ = {
			isa = XCRemoteSwiftPackageReference;
			repositoryURL = "https://github.com/supabase/supabase-swift";
			requirement = {
				kind = upToNextMajorVersion;
				minimumVersion = 2.5.1;
			};
		};
		3D83A96C2F5A37750097B8BA /* XCRemoteSwiftPackageReference "GoogleSignIn-iOS" */ = {
			isa = XCRemoteSwiftPackageReference;
			repositoryURL = "https://github.com/google/GoogleSignIn-iOS";
			requirement = {
				kind = upToNextMajorVersion;
				minimumVersion = 9.1.0;
			};
		};
/* End XCRemoteSwiftPackageReference section */

/* Begin XCSwiftPackageProductDependency section */
		3D7CB8782F5F074000C27D04 /* Auth */ = {
			isa = XCSwiftPackageProductDependency;
			package = 3D83A96B2F5A37520097B8BA /* XCRemoteSwiftPackageReference "supabase-swift" */;
			productName = Auth;
		};
		3D7CB87A2F5F074000C27D04 /* Functions */ = {
			isa = XCSwiftPackageProductDependency;
			package = 3D83A96B2F5A37520097B8BA /* XCRemoteSwiftPackageReference "supabase-swift" */;
			productName = Functions;
		};
		3D7CB87C2F5F074000C27D04 /* PostgREST */ = {
			isa = XCSwiftPackageProductDependency;
			package = 3D83A96B2F5A37520097B8BA /* XCRemoteSwiftPackageReference "supabase-swift" */;
			productName = PostgREST;
		};
		3D7CB87E2F5F074000C27D04 /* Realtime */ = {
			isa = XCSwiftPackageProductDependency;
			package = 3D83A96B2F5A37520097B8BA /* XCRemoteSwiftPackageReference "supabase-swift" */;
			productName = Realtime;
		};
		3D7CB8802F5F074000C27D04 /* Storage */ = {
			isa = XCSwiftPackageProductDependency;
			package = 3D83A96B2F5A37520097B8BA /* XCRemoteSwiftPackageReference "supabase-swift" */;
			productName = Storage;
		};
		3D7CB8822F5F074000C27D04 /* Supabase */ = {
			isa = XCSwiftPackageProductDependency;
			package = 3D83A96B2F5A37520097B8BA /* XCRemoteSwiftPackageReference "supabase-swift" */;
			productName = Supabase;
		};
		3D83A96D2F5A37750097B8BA /* GoogleSignIn */ = {
			isa = XCSwiftPackageProductDependency;
			package = 3D83A96C2F5A37750097B8BA /* XCRemoteSwiftPackageReference "GoogleSignIn-iOS" */;
			productName = GoogleSignIn;
		};
		3D83A96F2F5A37750097B8BA /* GoogleSignInSwift */ = {
			isa = XCSwiftPackageProductDependency;
			package = 3D83A96C2F5A37750097B8BA /* XCRemoteSwiftPackageReference "GoogleSignIn-iOS" */;
			productName = GoogleSignInSwift;
		};
/* End XCSwiftPackageProductDependency section */
	};
	rootObject = 3D153B812F56A0E70042D9D9 /* Project object */;
}
